version = 1
revision = 3
requires-python = ">=3.13"

[[package]]
name = "amqp"
version = "5.3.1"
source = { registry = "https://pypi.org/simple" }
dependencies = [
    { name = "vine" },
]
sdist = { url = "https://files.pythonhosted.org/packages/79/fc/ec94a357dfc6683d8c86f8b4cfa5416a4c36b28052ec8260c77aca96a443/amqp-5.3.1.tar.gz", hash = "sha256:cddc00c725449522023bad949f70fff7b48f0b1ade74d170a6f10ab044739432", size = 129013, upload-time = "2024-11-12T19:55:44.051Z" }
wheels = [
    { url = "https://files.pythonhosted.org/packages/26/99/fc813cd978842c26c82534010ea849eee9ab3a13ea2b74e95cb9c99e747b/amqp-5.3.1-py3-none-any.whl", hash = "sha256:43b3319e1b4e7d1251833a93d672b4af1e40f3d632d479b98661a95f117880a2", size = 50944, upload-time = "2024-11-12T19:55:41.782Z" },
]

[[package]]
name = "asgiref"
version = "3.10.0"
source = { registry = "https://pypi.org/simple" }
sdist = { url = "https://files.pythonhosted.org/packages/46/08/4dfec9b90758a59acc6be32ac82e98d1fbfc321cb5cfa410436dbacf821c/asgiref-3.10.0.tar.gz", hash = "sha256:d89f2d8cd8b56dada7d52fa7dc8075baa08fb836560710d38c292a7a3f78c04e", size = 37483, upload-time = "2025-10-05T09:15:06.557Z" }
wheels = [
    { url = "https://files.pythonhosted.org/packages/17/9c/fc2331f538fbf7eedba64b2052e99ccf9ba9d6888e2f41441ee28847004b/asgiref-3.10.0-py3-none-any.whl", hash = "sha256:aef8a81283a34d0ab31630c9b7dfe70c812c95eba78171367ca8745e88124734", size = 24050, upload-time = "2025-10-05T09:15:05.11Z" },
]

[[package]]
name = "billiard"
version = "4.2.2"
source = { registry = "https://pypi.org/simple" }
sdist = { url = "https://files.pythonhosted.org/packages/b9/6a/1405343016bce8354b29d90aad6b0bf6485b5e60404516e4b9a3a9646cf0/billiard-4.2.2.tar.gz", hash = "sha256:e815017a062b714958463e07ba15981d802dc53d41c5b69d28c5a7c238f8ecf3", size = 155592, upload-time = "2025-09-20T14:44:40.456Z" }
wheels = [
    { url = "https://files.pythonhosted.org/packages/a6/80/ef8dff49aae0e4430f81842f7403e14e0ca59db7bbaf7af41245b67c6b25/billiard-4.2.2-py3-none-any.whl", hash = "sha256:4bc05dcf0d1cc6addef470723aac2a6232f3c7ed7475b0b580473a9145829457", size = 86896, upload-time = "2025-09-20T14:44:39.157Z" },
]

[[package]]
name = "celery"
version = "5.5.3"
source = { registry = "https://pypi.org/simple" }
dependencies = [
    { name = "billiard" },
    { name = "click" },
    { name = "click-didyoumean" },
    { name = "click-plugins" },
    { name = "click-repl" },
    { name = "kombu" },
    { name = "python-dateutil" },
    { name = "vine" },
]
sdist = { url = "https://files.pythonhosted.org/packages/bb/7d/6c289f407d219ba36d8b384b42489ebdd0c84ce9c413875a8aae0c85f35b/celery-5.5.3.tar.gz", hash = "sha256:6c972ae7968c2b5281227f01c3a3f984037d21c5129d07bf3550cc2afc6b10a5", size = 1667144, upload-time = "2025-06-01T11:08:12.563Z" }
wheels = [
    { url = "https://files.pythonhosted.org/packages/c9/af/0dcccc7fdcdf170f9a1585e5e96b6fb0ba1749ef6be8c89a6202284759bd/celery-5.5.3-py3-none-any.whl", hash = "sha256:0b5761a07057acee94694464ca482416b959568904c9dfa41ce8413a7d65d525", size = 438775, upload-time = "2025-06-01T11:08:09.94Z" },
]

[[package]]
name = "click"
version = "8.3.0"
source = { registry = "https://pypi.org/simple" }
dependencies = [
    { name = "colorama", marker = "sys_platform == 'win32'" },
]
sdist = { url = "https://files.pythonhosted.org/packages/46/61/de6cd827efad202d7057d93e0fed9294b96952e188f7384832791c7b2254/click-8.3.0.tar.gz", hash = "sha256:e7b8232224eba16f4ebe410c25ced9f7875cb5f3263ffc93cc3e8da705e229c4", size = 276943, upload-time = "2025-09-18T17:32:23.696Z" }
wheels = [
    { url = "https://files.pythonhosted.org/packages/db/d3/9dcc0f5797f070ec8edf30fbadfb200e71d9db6b84d211e3b2085a7589a0/click-8.3.0-py3-none-any.whl", hash = "sha256:9b9f285302c6e3064f4330c05f05b81945b2a39544279343e6e7c5f27a9baddc", size = 107295, upload-time = "2025-09-18T17:32:22.42Z" },
]

[[package]]
name = "click-didyoumean"
version = "0.3.1"
source = { registry = "https://pypi.org/simple" }
dependencies = [
    { name = "click" },
]
sdist = { url = "https://files.pythonhosted.org/packages/30/ce/217289b77c590ea1e7c24242d9ddd6e249e52c795ff10fac2c50062c48cb/click_didyoumean-0.3.1.tar.gz", hash = "sha256:4f82fdff0dbe64ef8ab2279bd6aa3f6a99c3b28c05aa09cbfc07c9d7fbb5a463", size = 3089, upload-time = "2024-03-24T08:22:07.499Z" }
wheels = [
    { url = "https://files.pythonhosted.org/packages/1b/5b/974430b5ffdb7a4f1941d13d83c64a0395114503cc357c6b9ae4ce5047ed/click_didyoumean-0.3.1-py3-none-any.whl", hash = "sha256:5c4bb6007cfea5f2fd6583a2fb6701a22a41eb98957e63d0fac41c10e7c3117c", size = 3631, upload-time = "2024-03-24T08:22:06.356Z" },
]

[[package]]
name = "click-plugins"
version = "1.1.1.2"
source = { registry = "https://pypi.org/simple" }
dependencies = [
    { name = "click" },
]
sdist = { url = "https://files.pythonhosted.org/packages/c3/a4/34847b59150da33690a36da3681d6bbc2ec14ee9a846bc30a6746e5984e4/click_plugins-1.1.1.2.tar.gz", hash = "sha256:d7af3984a99d243c131aa1a828331e7630f4a88a9741fd05c927b204bcf92261", size = 8343, upload-time = "2025-06-25T00:47:37.555Z" }
wheels = [
    { url = "https://files.pythonhosted.org/packages/3d/9a/2abecb28ae875e39c8cad711eb1186d8d14eab564705325e77e4e6ab9ae5/click_plugins-1.1.1.2-py2.py3-none-any.whl", hash = "sha256:008d65743833ffc1f5417bf0e78e8d2c23aab04d9745ba817bd3e71b0feb6aa6", size = 11051, upload-time = "2025-06-25T00:47:36.731Z" },
]

[[package]]
name = "click-repl"
version = "0.3.0"
source = { registry = "https://pypi.org/simple" }
dependencies = [
    { name = "click" },
    { name = "prompt-toolkit" },
]
sdist = { url = "https://files.pythonhosted.org/packages/cb/a2/57f4ac79838cfae6912f997b4d1a64a858fb0c86d7fcaae6f7b58d267fca/click-repl-0.3.0.tar.gz", hash = "sha256:17849c23dba3d667247dc4defe1757fff98694e90fe37474f3feebb69ced26a9", size = 10449, upload-time = "2023-06-15T12:43:51.141Z" }
wheels = [
    { url = "https://files.pythonhosted.org/packages/52/40/9d857001228658f0d59e97ebd4c346fe73e138c6de1bce61dc568a57c7f8/click_repl-0.3.0-py3-none-any.whl", hash = "sha256:fb7e06deb8da8de86180a33a9da97ac316751c094c6899382da7feeeeb51b812", size = 10289, upload-time = "2023-06-15T12:43:48.626Z" },
]

[[package]]
name = "colorama"
version = "0.4.6"
source = { registry = "https://pypi.org/simple" }
sdist = { url = "https://files.pythonhosted.org/packages/d8/53/6f443c9a4a8358a93a6792e2acffb9d9d5cb0a5cfd8802644b7b1c9a02e4/colorama-0.4.6.tar.gz", hash = "sha256:08695f5cb7ed6e0531a20572697297273c47b8cae5a63ffc6d6ed5c201be6e44", size = 27697, upload-time = "2022-10-25T02:36:22.414Z" }
wheels = [
    { url = "https://files.pythonhosted.org/packages/d1/d6/3965ed04c63042e047cb6a3e6ed1a63a35087b6a609aa3a15ed8ac56c221/colorama-0.4.6-py2.py3-none-any.whl", hash = "sha256:4f1d9991f5acc0ca119f9d443620b77f9d6b33703e51011c16baf57afb285fc6", size = 25335, upload-time = "2022-10-25T02:36:20.889Z" },
]

[[package]]
name = "cron-descriptor"
version = "2.0.6"
source = { registry = "https://pypi.org/simple" }
dependencies = [
    { name = "typing-extensions" },
]
sdist = { url = "https://files.pythonhosted.org/packages/7c/31/0b21d1599656b2ffa6043e51ca01041cd1c0f6dacf5a3e2b620ed120e7d8/cron_descriptor-2.0.6.tar.gz", hash = "sha256:e39d2848e1d8913cfb6e3452e701b5eec662ee18bea8cc5aa53ee1a7bb217157", size = 49456, upload-time = "2025-09-03T16:30:22.434Z" }
wheels = [
    { url = "https://files.pythonhosted.org/packages/21/cc/361326a54ad92e2e12845ad15e335a4e14b8953665007fb514d3393dfb0f/cron_descriptor-2.0.6-py3-none-any.whl", hash = "sha256:3a1c0d837c0e5a32e415f821b36cf758eb92d510e6beff8fbfe4fa16573d93d6", size = 74446, upload-time = "2025-09-03T16:30:21.397Z" },
]

[[package]]
name = "django"
version = "5.2.7"
source = { registry = "https://pypi.org/simple" }
dependencies = [
    { name = "asgiref" },
    { name = "sqlparse" },
    { name = "tzdata", marker = "sys_platform == 'win32'" },
]
sdist = { url = "https://files.pythonhosted.org/packages/b1/96/bd84e2bb997994de8bcda47ae4560991084e86536541d7214393880f01a8/django-5.2.7.tar.gz", hash = "sha256:e0f6f12e2551b1716a95a63a1366ca91bbcd7be059862c1b18f989b1da356cdd", size = 10865812, upload-time = "2025-10-01T14:22:12.081Z" }
wheels = [
    { url = "https://files.pythonhosted.org/packages/8f/ef/81f3372b5dd35d8d354321155d1a38894b2b766f576d0abffac4d8ae78d9/django-5.2.7-py3-none-any.whl", hash = "sha256:59a13a6515f787dec9d97a0438cd2efac78c8aca1c80025244b0fe507fe0754b", size = 8307145, upload-time = "2025-10-01T14:22:49.476Z" },
]

[[package]]
name = "django-celery-beat"
version = "2.8.1"
source = { registry = "https://pypi.org/simple" }
dependencies = [
    { name = "celery" },
    { name = "cron-descriptor" },
    { name = "django" },
    { name = "django-timezone-field" },
    { name = "python-crontab" },
    { name = "tzdata" },
]
sdist = { url = "https://files.pythonhosted.org/packages/aa/11/0c8b412869b4fda72828572068312b10aafe7ccef7b41af3633af31f9d4b/django_celery_beat-2.8.1.tar.gz", hash = "sha256:dfad0201c0ac50c91a34700ef8fa0a10ee098cc7f3375fe5debed79f2204f80a", size = 175802, upload-time = "2025-05-13T06:58:29.246Z" }
wheels = [
    { url = "https://files.pythonhosted.org/packages/61/e5/3a0167044773dee989b498e9a851fc1663bea9ab879f1179f7b8a827ac10/django_celery_beat-2.8.1-py3-none-any.whl", hash = "sha256:da2b1c6939495c05a551717509d6e3b79444e114a027f7b77bf3727c2a39d171", size = 104833, upload-time = "2025-05-13T06:58:27.309Z" },
]

[[package]]
name = "django-shareserver"
version = "0.1.2"
source = { virtual = "." }
dependencies = [
    { name = "django" },
    { name = "django-celery-beat" },
    { name = "dotenv" },
    { name = "granian", extra = ["pname"] },
    { name = "whitenoise" },
]

[package.metadata]
requires-dist = [
    { name = "django", specifier = ">=5" },
    { name = "django-celery-beat", specifier = ">=2" },
    { name = "dotenv", specifier = ">=0.9" },
    { name = "granian", extras = ["pname"], specifier = ">=2" },
    { name = "whitenoise" },
]

[[package]]
name = "django-timezone-field"
version = "7.1"
source = { registry = "https://pypi.org/simple" }
dependencies = [
    { name = "django" },
]
sdist = { url = "https://files.pythonhosted.org/packages/ba/5b/0dbe271fef3c2274b83dbcb1b19fa3dacf1f7e542382819294644e78ea8b/django_timezone_field-7.1.tar.gz", hash = "sha256:b3ef409d88a2718b566fabe10ea996f2838bc72b22d3a2900c0aa905c761380c", size = 13727, upload-time = "2025-01-11T17:49:54.486Z" }
wheels = [
    { url = "https://files.pythonhosted.org/packages/ec/09/7a808392a751a24ffa62bec00e3085a9c1a151d728c323a5bab229ea0e58/django_timezone_field-7.1-py3-none-any.whl", hash = "sha256:93914713ed882f5bccda080eda388f7006349f25930b6122e9b07bf8db49c4b4", size = 13177, upload-time = "2025-01-11T17:49:52.142Z" },
]

[[package]]
name = "dotenv"
version = "0.9.9"
source = { registry = "https://pypi.org/simple" }
dependencies = [
    { name = "python-dotenv" },
]
wheels = [
    { url = "https://files.pythonhosted.org/packages/b2/b7/545d2c10c1fc15e48653c91efde329a790f2eecfbbf2bd16003b5db2bab0/dotenv-0.9.9-py2.py3-none-any.whl", hash = "sha256:29cf74a087b31dafdb5a446b6d7e11cbce8ed2741540e2339c69fbef92c94ce9", size = 1892, upload-time = "2025-02-19T22:15:01.647Z" },
]

[[package]]
name = "granian"
version = "2.5.5"
source = { registry = "https://pypi.org/simple" }
dependencies = [
    { name = "click" },
]
sdist = { url = "https://files.pythonhosted.org/packages/07/85/3f5a1258567718c75719f5206d33457f7bd2b091b0fee0a618a395fda758/granian-2.5.5.tar.gz", hash = "sha256:da785fae71cb45e92ce3fbb8633dc48b12f6a5055a7358226d78176967a5d2c9", size = 112143, upload-time = "2025-10-07T17:39:38.751Z" }
wheels = [
    { url = "https://files.pythonhosted.org/packages/22/fc/8024558e038477531cdbf996f94ff9d64c008a33ffd33077b38d43451193/granian-2.5.5-cp313-cp313-macosx_10_12_x86_64.whl", hash = "sha256:49fd6a3f5d9302b8c8da56fcbf29faa7edc5847a460635356c5052584fa7c4b2", size = 2833726, upload-time = "2025-10-07T17:37:56.296Z" },
    { url = "https://files.pythonhosted.org/packages/d9/6e/baae1148dc834bbdf07ca45920641c23ff167b2af338cfcd3551e063aee1/granian-2.5.5-cp313-cp313-macosx_11_0_arm64.whl", hash = "sha256:62e7d9dd5b21d7637e062f7ce20d1887069d64d06e16c7bac40e01de4cb54b63", size = 2517287, upload-time = "2025-10-07T17:37:57.949Z" },
    { url = "https://files.pythonhosted.org/packages/77/23/65398e16a121cdab95ac6a31c48172f86ff333ac01dbc8d57c2e9496c668/granian-2.5.5-cp313-cp313-manylinux_2_17_armv7l.manylinux2014_armv7l.whl", hash = "sha256:307e09e1bf5b7f869b9dccfca7af253bbb74bf4cb0ba2d972043334a889b048f", size = 3009557, upload-time = "2025-10-07T17:37:59.664Z" },
    { url = "https://files.pythonhosted.org/packages/24/01/1ec3bb03528cf5330a5b1d2c77f1a4d224a34a3c73ea47a860ef4d72146b/granian-2.5.5-cp313-cp313-manylinux_2_17_i686.manylinux2014_i686.whl", hash = "sha256:6a847903664275e6bede3ef178642379c6e1c43767e3980b2b6d68c62e6b14b5", size = 2833794, upload-time = "2025-10-07T17:38:00.993Z" },
    { url = "https://files.pythonhosted.org/packages/1e/a5/fe976a36945cea22b7c4a9eb8ddd9866644c12f766b9f3ab8bd575e9d611/granian-2.5.5-cp313-cp313-manylinux_2_17_x86_64.manylinux2014_x86_64.whl", hash = "sha256:e21cd8ee95cd2017328043ec31c455ef69c9466617a9d51e4b1ca0ff0203d873", size = 3117180, upload-time = "2025-10-07T17:38:02.573Z" },
    { url = "https://files.pythonhosted.org/packages/a2/f2/0a7450990a5ec23a3dc5c464886ece21593dc4edd027e3a6f5367fbb0cd4/granian-2.5.5-cp313-cp313-manylinux_2_28_aarch64.whl", hash = "sha256:f47b9ecf635ef727b1f399cd2e65329010ab2c48a5381be0d928a538ed8e9158", size = 2917766, upload-time = "2025-10-07T17:38:04.327Z" },
    { url = "https://files.pythonhosted.org/packages/93/81/1238e871ef9e609e12b9ada411793c87343c46905f8f56c8a6d4088d9ae6/granian-2.5.5-cp313-cp313-musllinux_1_1_aarch64.whl", hash = "sha256:59e868dcc7ca469aa099ca9456204c2ff5e6c7e98bbafb66921b911c2b5e4c15", size = 2981663, upload-time = "2025-10-07T17:38:05.722Z" },
    { url = "https://files.pythonhosted.org/packages/b0/3c/0ad5915c0a96d2c4de13e51f107d11013ed9a48e01524ec8cc096afdc639/granian-2.5.5-cp313-cp313-musllinux_1_1_armv7l.whl", hash = "sha256:c0a1ef4bac9a59d52a80f81153a15c82a6876591e9ab8e330e096f339d06211d", size = 3146507, upload-time = "2025-10-07T17:38:07.078Z" },
    { url = "https://files.pythonhosted.org/packages/75/f7/2d3d3372cf81775e72196a1a7b26cf563dbe35ec5cc197dd4f9e3df5d050/granian-2.5.5-cp313-cp313-musllinux_1_1_x86_64.whl", hash = "sha256:748efbb431d46aff3b9ef88b68fddfc7b29e7738292fca841b1b925f67e328a4", size = 3207738, upload-time = "2025-10-07T17:38:08.345Z" },
    { url = "https://files.pythonhosted.org/packages/8d/1b/d663e071cac94f3be515c3650aa6675432d3a9ccbb4c419a20bb31083d92/granian-2.5.5-cp313-cp313-win_amd64.whl", hash = "sha256:fa87dd2d4b914e6d539bf18968daad3d34bb6877ab90b1408c009c3714a0213c", size = 2178462, upload-time = "2025-10-07T17:38:09.708Z" },
    { url = "https://files.pythonhosted.org/packages/9d/9f/edec61a604d919042b435eb6f40217c7ff565fde91e9670183c895eaf4e1/granian-2.5.5-cp313-cp313t-macosx_10_12_x86_64.whl", hash = "sha256:647cb53789cbf369e895341152a9822f8238830fc939b85d2844151d1f0da32e", size = 2759098, upload-time = "2025-10-07T17:38:10.962Z" },
    { url = "https://files.pythonhosted.org/packages/52/76/f96df41fbc72b4c9a9f0994f2ae274080a3b47b8209989140a1f98ba27a9/granian-2.5.5-cp313-cp313t-macosx_11_0_arm64.whl", hash = "sha256:39f1d5398d31df3375e10524aa00f33d65b7d051551c4876251e9eec4ddc2c11", size = 2477953, upload-time = "2025-10-07T17:38:12.329Z" },
    { url = "https://files.pythonhosted.org/packages/e9/70/0bfa32321501756357efebc45668c9ba054f8b8af1c63590d5af2aaed59c/granian-2.5.5-cp313-cp313t-manylinux_2_17_x86_64.manylinux2014_x86_64.whl", hash = "sha256:61308acf1943d06c4c4b48f79697a97f233ce85a07801e95e01c85647fd10eb5", size = 2997992, upload-time = "2025-10-07T17:38:13.627Z" },
    { url = "https://files.pythonhosted.org/packages/3a/a1/9a961b05c6cde2b6b27abae5da9e5efdfe3c7e0fc8b6f63433473861c2ff/granian-2.5.5-cp313-cp313t-manylinux_2_28_aarch64.whl", hash = "sha256:dfd11cb106d9c68c6682a0554142f7383ff99789e1ecef3087c3e13ac50fde24", size = 2784260, upload-time = "2025-10-07T17:38:15.32Z" },
    { url = "https://files.pythonhosted.org/packages/e2/1a/9eada34cb30c4cd17e8201082b2a5f4d159ed275fdbc072355bc8ab32753/granian-2.5.5-cp313-cp313t-musllinux_1_1_aarch64.whl", hash = "sha256:d05801e405f4000837bba9eea7cdef0486a6c8a2aff073e75be0a7055c2c07c6", size = 2973232, upload-time = "2025-10-07T17:38:16.717Z" },
    { url = "https://files.pythonhosted.org/packages/5d/24/bbdc6dcb4197da663b2e8f4442f234ccfcd6fd883a9448a0fa3629cd6fe1/granian-2.5.5-cp313-cp313t-musllinux_1_1_armv7l.whl", hash = "sha256:28c61a87c766fc22f5d1ad640e6a4f2a4c14ff86c629c7fa8c9cc0bbc756a18c", size = 3132458, upload-time = "2025-10-07T17:38:18.134Z" },
    { url = "https://files.pythonhosted.org/packages/0f/b9/a44efa4771859bd65ff1e103b57f1c010b8d3434b20120fc0e44d0f28b41/granian-2.5.5-cp313-cp313t-musllinux_1_1_x86_64.whl", hash = "sha256:1cf9431bc5096e2f38aa8b8c762ad4e5e2f1e119ca7381a3414e1ce64690ab5c", size = 3194088, upload-time = "2025-10-07T17:38:19.408Z" },
    { url = "https://files.pythonhosted.org/packages/f9/03/3d33933328a2003ebd45c5d781387df59b60bc2465c9c5ea308930509ca7/granian-2.5.5-cp313-cp313t-win_amd64.whl", hash = "sha256:63a4910032589d25ce09bc2d1e5164db941710c17fe91a543f8bd3e3b9a5d522", size = 2170457, upload-time = "2025-10-07T17:38:21.077Z" },
    { url = "https://files.pythonhosted.org/packages/d1/db/f9b2971eb3d409e46a2c432a7d0b621257eecc3ea383f5aad0ace6808453/granian-2.5.5-cp314-cp314-macosx_10_12_x86_64.whl", hash = "sha256:4c2c917decc7079038bc97a247ed8da35251a36c33211ae35698784a3d3dac7e", size = 2820728, upload-time = "2025-10-07T17:38:22.281Z" },
    { url = "https://files.pythonhosted.org/packages/5a/9d/3922ff3298b801de6cf82405de88d5c2506f4c9f98dd0f42f78fd31018cf/granian-2.5.5-cp314-cp314-macosx_11_0_arm64.whl", hash = "sha256:fffb60591f1e5fc514b916689c69c3d4da7827c9989679b32c38416f5f968b5a", size = 2503559, upload-time = "2025-10-07T17:38:24.044Z" },
    { url = "https://files.pythonhosted.org/packages/57/33/7378af82179009995183905403e5620ad149aaf58fb578f164853c93c9b9/granian-2.5.5-cp314-cp314-manylinux_2_17_armv7l.manylinux2014_armv7l.whl", hash = "sha256:b6d676c2b6a64aa5d377f8855c9921b637db150a7233c6027d3abd55d2d6c43c", size = 3004593, upload-time = "2025-10-07T17:38:25.752Z" },
    { url = "https://files.pythonhosted.org/packages/5d/55/c5c9fb391dce4a606f7a8a264a1daf0f5c688a54b05366d4425d7eb12229/granian-2.5.5-cp314-cp314-manylinux_2_17_i686.manylinux2014_i686.whl", hash = "sha256:642317efac6b24547c50a229bdeda85e79d825727a8559bb61e47827557d412f", size = 2827438, upload-time = "2025-10-07T17:38:27.486Z" },
    { url = "https://files.pythonhosted.org/packages/a0/7e/2d541daff406d431830d6344a7c73547116a69d5bfe5116dbd586fd868f0/granian-2.5.5-cp314-cp314-manylinux_2_17_x86_64.manylinux2014_x86_64.whl", hash = "sha256:c40867944b278390b42f62f2557cc613dabc0a2a1868669110c319dfcd5dbe63", size = 3103175, upload-time = "2025-10-07T17:38:28.883Z" },
    { url = "https://files.pythonhosted.org/packages/85/d9/daa2809ccbc11c0489fbb2ead8a084b902ba53bf1bf04a8268cbea911a2f/granian-2.5.5-cp314-cp314-manylinux_2_28_aarch64.whl", hash = "sha256:bff88a7c1ad215a9bd33b2b11aa03057446f086759743be9f99ab1966604c733", size = 2916188, upload-time = "2025-10-07T17:38:30.387Z" },
    { url = "https://files.pythonhosted.org/packages/70/c6/866916b6115a5a723733281b8731d1c7f0efc340f2541e2c9941c08541ca/granian-2.5.5-cp314-cp314-musllinux_1_1_aarch64.whl", hash = "sha256:1701211bf09a3863c12346b1711d74cc47317809bb1b063b4198470877c351f6", size = 2979444, upload-time = "2025-10-07T17:38:31.996Z" },
    { url = "https://files.pythonhosted.org/packages/f8/af/3d7ed403854324b5099b860c2e43d668dc98ec2e79c2cc9d246ccb8d2e98/granian-2.5.5-cp314-cp314-musllinux_1_1_armv7l.whl", hash = "sha256:a3345512f0ce7dc481324a61932e397040d4c0ffbccbcbcbc3e41f21f397bb00", size = 3141583, upload-time = "2025-10-07T17:38:33.256Z" },
    { url = "https://files.pythonhosted.org/packages/24/05/28352e5aa449e597c3e3d3d92b01c040eadcc389619023fa71c5ecba11de/granian-2.5.5-cp314-cp314-musllinux_1_1_x86_64.whl", hash = "sha256:d3e56fdb95a692be0c9543f4bf902c8a00c9cb9cdcc7bcd4f1622d0eefd8df18", size = 3194827, upload-time = "2025-10-07T17:38:34.539Z" },
    { url = "https://files.pythonhosted.org/packages/34/b7/4432e1c3efb43a7ee0ef068103acd2e53c42ad6cc226ff4da5e077b2f67d/granian-2.5.5-cp314-cp314-win_amd64.whl", hash = "sha256:4c772351cbbcc04a5b168e5cb574bff5fd6883d739ad395db1f0c330cccf8878", size = 2167014, upload-time = "2025-10-07T17:38:36.222Z" },
    { url = "https://files.pythonhosted.org/packages/2d/f1/464811b150cea5aaf7f6f6a406b666b7c4daa36eef628a3e9a86c757a0ac/granian-2.5.5-cp314-cp314t-macosx_10_12_x86_64.whl", hash = "sha256:94ec249a8b467d68cb0f24e482babb07110ff879a1cbcb841e7c55e1609e3777", size = 2744805, upload-time = "2025-10-07T17:38:38.032Z" },
    { url = "https://files.pythonhosted.org/packages/0a/da/802a4ab9986cc7893b32977f310c285433730733d2629a8ad09caad3928e/granian-2.5.5-cp314-cp314t-macosx_11_0_arm64.whl", hash = "sha256:d34b9626fef7f37b096b40316fa5167c40ba9326648112304aa7635397754f9e", size = 2459720, upload-time = "2025-10-07T17:38:39.466Z" },
    { url = "https://files.pythonhosted.org/packages/de/59/32bad6d962ae2b63b30616183d9750b0ff84559099173c1aee6905fff8d2/granian-2.5.5-cp314-cp314t-manylinux_2_17_x86_64.manylinux2014_x86_64.whl", hash = "sha256:edaaca6d053e4e6795cee7cc939c9d97e2457bb5dadd96a91aeab16b4096816e", size = 2990426, upload-time = "2025-10-07T17:38:40.766Z" },
    { url = "https://files.pythonhosted.org/packages/51/72/f6def6f64cc6194c23975ae853d32ebac0aff9cf69a749f3349ce5b1dcaf/granian-2.5.5-cp314-cp314t-manylinux_2_28_aarch64.whl", hash = "sha256:49c950366261470662b9721b40f08b8a443dceaa2ae952361235404f257f66cb", size = 2782718, upload-time = "2025-10-07T17:38:42.67Z" },
    { url = "https://files.pythonhosted.org/packages/cb/65/059a411d9aef86b1fdd29d3bd274ac13e0568b18ea8f22b59322ba087fc4/granian-2.5.5-cp314-cp314t-musllinux_1_1_aarch64.whl", hash = "sha256:02d5c0f8d4fbb656cbbe12576a92990bac37a238a14c6b6fed3ab47ee1202162", size = 2972550, upload-time = "2025-10-07T17:38:44.125Z" },
    { url = "https://files.pythonhosted.org/packages/9a/f3/862eaa8966c81e5525a261f199bf41e9bee890f1566211eb4647eb57dc5f/granian-2.5.5-cp314-cp314t-musllinux_1_1_armv7l.whl", hash = "sha256:3ec26992315c00b6269d13ad31644226d5c51ae4b06e866f2a1eb2979deef482", size = 3127601, upload-time = "2025-10-07T17:38:45.486Z" },
    { url = "https://files.pythonhosted.org/packages/1e/ed/aba697af1d31ca72ea060a0c1b3b214cfddbc9828615b932309b92b9c1c6/granian-2.5.5-cp314-cp314t-musllinux_1_1_x86_64.whl", hash = "sha256:413ce58161abbba47bde2895b0c3b6d74aec33dfd4ec355be07721b9ce57e4f2", size = 3188666, upload-time = "2025-10-07T17:38:46.924Z" },
    { url = "https://files.pythonhosted.org/packages/68/81/a964fedafef328f24ee573510e632e8e1d44199dddbaab4afcb78deeb2f0/granian-2.5.5-cp314-cp314t-win_amd64.whl", hash = "sha256:8359c03c518219eacd5d60718a058d2c1fc48e2f69fcee2a022dd3814d62d81a", size = 2156709, upload-time = "2025-10-07T17:38:48.221Z" },
]

[package.optional-dependencies]
pname = [
    { name = "setproctitle" },
]

[[package]]
name = "kombu"
version = "5.5.4"
source = { registry = "https://pypi.org/simple" }
dependencies = [
    { name = "amqp" },
    { name = "packaging" },
    { name = "tzdata" },
    { name = "vine" },
]
sdist = { url = "https://files.pythonhosted.org/packages/0f/d3/5ff936d8319ac86b9c409f1501b07c426e6ad41966fedace9ef1b966e23f/kombu-5.5.4.tar.gz", hash = "sha256:886600168275ebeada93b888e831352fe578168342f0d1d5833d88ba0d847363", size = 461992, upload-time = "2025-06-01T10:19:22.281Z" }
wheels = [
    { url = "https://files.pythonhosted.org/packages/ef/70/a07dcf4f62598c8ad579df241af55ced65bed76e42e45d3c368a6d82dbc1/kombu-5.5.4-py3-none-any.whl", hash = "sha256:a12ed0557c238897d8e518f1d1fdf84bd1516c5e305af2dacd85c2015115feb8", size = 210034, upload-time = "2025-06-01T10:19:20.436Z" },
]

[[package]]
name = "packaging"
version = "25.0"
source = { registry = "https://pypi.org/simple" }
sdist = { url = "https://files.pythonhosted.org/packages/a1/d4/1fc4078c65507b51b96ca8f8c3ba19e6a61c8253c72794544580a7b6c24d/packaging-25.0.tar.gz", hash = "sha256:d443872c98d677bf60f6a1f2f8c1cb748e8fe762d2bf9d3148b5599295b0fc4f", size = 165727, upload-time = "2025-04-19T11:48:59.673Z" }
wheels = [
    { url = "https://files.pythonhosted.org/packages/20/12/38679034af332785aac8774540895e234f4d07f7545804097de4b666afd8/packaging-25.0-py3-none-any.whl", hash = "sha256:29572ef2b1f17581046b3a2227d5c611fb25ec70ca1ba8554b24b0e69331a484", size = 66469, upload-time = "2025-04-19T11:48:57.875Z" },
]

[[package]]
name = "prompt-toolkit"
version = "3.0.52"
source = { registry = "https://pypi.org/simple" }
dependencies = [
    { name = "wcwidth" },
]
sdist = { url = "https://files.pythonhosted.org/packages/a1/96/06e01a7b38dce6fe1db213e061a4602dd6032a8a97ef6c1a862537732421/prompt_toolkit-3.0.52.tar.gz", hash = "sha256:28cde192929c8e7321de85de1ddbe736f1375148b02f2e17edd840042b1be855", size = 434198, upload-time = "2025-08-27T15:24:02.057Z" }
wheels = [
    { url = "https://files.pythonhosted.org/packages/84/03/0d3ce49e2505ae70cf43bc5bb3033955d2fc9f932163e84dc0779cc47f48/prompt_toolkit-3.0.52-py3-none-any.whl", hash = "sha256:9aac639a3bbd33284347de5ad8d68ecc044b91a762dc39b7c21095fcd6a19955", size = 391431, upload-time = "2025-08-27T15:23:59.498Z" },
]

[[package]]
name = "python-crontab"
version = "3.3.0"
source = { registry = "https://pypi.org/simple" }
sdist = { url = "https://files.pythonhosted.org/packages/99/7f/c54fb7e70b59844526aa4ae321e927a167678660ab51dda979955eafb89a/python_crontab-3.3.0.tar.gz", hash = "sha256:007c8aee68dddf3e04ec4dce0fac124b93bd68be7470fc95d2a9617a15de291b", size = 57626, upload-time = "2025-07-13T20:05:35.535Z" }
wheels = [
    { url = "https://files.pythonhosted.org/packages/47/42/bb4afa5b088f64092036221843fc989b7db9d9d302494c1f8b024ee78a46/python_crontab-3.3.0-py3-none-any.whl", hash = "sha256:739a778b1a771379b75654e53fd4df58e5c63a9279a63b5dfe44c0fcc3ee7884", size = 27533, upload-time = "2025-07-13T20:05:34.266Z" },
]

[[package]]
name = "python-dateutil"
version = "2.9.0.post0"
source = { registry = "https://pypi.org/simple" }
dependencies = [
    { name = "six" },
]
sdist = { url = "https://files.pythonhosted.org/packages/66/c0/0c8b6ad9f17a802ee498c46e004a0eb49bc148f2fd230864601a86dcf6db/python-dateutil-2.9.0.post0.tar.gz", hash = "sha256:37dd54208da7e1cd875388217d5e00ebd4179249f90fb72437e91a35459a0ad3", size = 342432, upload-time = "2024-03-01T18:36:20.211Z" }
wheels = [
    { url = "https://files.pythonhosted.org/packages/ec/57/56b9bcc3c9c6a792fcbaf139543cee77261f3651ca9da0c93f5c1221264b/python_dateutil-2.9.0.post0-py2.py3-none-any.whl", hash = "sha256:a8b2bc7bffae282281c8140a97d3aa9c14da0b136dfe83f850eea9a5f7470427", size = 229892, upload-time = "2024-03-01T18:36:18.57Z" },
]

[[package]]
name = "python-dotenv"
version = "1.1.1"
source = { registry = "https://pypi.org/simple" }
sdist = { url = "https://files.pythonhosted.org/packages/f6/b0/4bc07ccd3572a2f9df7e6782f52b0c6c90dcbb803ac4a167702d7d0dfe1e/python_dotenv-1.1.1.tar.gz", hash = "sha256:a8a6399716257f45be6a007360200409fce5cda2661e3dec71d23dc15f6189ab", size = 41978, upload-time = "2025-06-24T04:21:07.341Z" }
wheels = [
    { url = "https://files.pythonhosted.org/packages/5f/ed/539768cf28c661b5b068d66d96a2f155c4971a5d55684a514c1a0e0dec2f/python_dotenv-1.1.1-py3-none-any.whl", hash = "sha256:31f23644fe2602f88ff55e1f5c79ba497e01224ee7737937930c448e4d0e24dc", size = 20556, upload-time = "2025-06-24T04:21:06.073Z" },
]

[[package]]
name = "setproctitle"
version = "1.3.7"
source = { registry = "https://pypi.org/simple" }
sdist = { url = "https://files.pythonhosted.org/packages/8d/48/49393a96a2eef1ab418b17475fb92b8fcfad83d099e678751b05472e69de/setproctitle-1.3.7.tar.gz", hash = "sha256:bc2bc917691c1537d5b9bca1468437176809c7e11e5694ca79a9ca12345dcb9e", size = 27002, upload-time = "2025-09-05T12:51:25.278Z" }
wheels = [
    { url = "https://files.pythonhosted.org/packages/5d/2f/fcedcade3b307a391b6e17c774c6261a7166aed641aee00ed2aad96c63ce/setproctitle-1.3.7-cp313-cp313-macosx_10_13_universal2.whl", hash = "sha256:c3736b2a423146b5e62230502e47e08e68282ff3b69bcfe08a322bee73407922", size = 18047, upload-time = "2025-09-05T12:49:50.271Z" },
    { url = "https://files.pythonhosted.org/packages/23/ae/afc141ca9631350d0a80b8f287aac79a76f26b6af28fd8bf92dae70dc2c5/setproctitle-1.3.7-cp313-cp313-macosx_11_0_arm64.whl", hash = "sha256:3384e682b158d569e85a51cfbde2afd1ab57ecf93ea6651fe198d0ba451196ee", size = 13073, upload-time = "2025-09-05T12:49:51.46Z" },
    { url = "https://files.pythonhosted.org/packages/87/ed/0a4f00315bc02510395b95eec3d4aa77c07192ee79f0baae77ea7b9603d8/setproctitle-1.3.7-cp313-cp313-manylinux1_x86_64.manylinux_2_28_x86_64.manylinux_2_5_x86_64.whl", hash = "sha256:0564a936ea687cd24dffcea35903e2a20962aa6ac20e61dd3a207652401492dd", size = 33284, upload-time = "2025-09-05T12:49:52.741Z" },
    { url = "https://files.pythonhosted.org/packages/fc/e4/adf3c4c0a2173cb7920dc9df710bcc67e9bcdbf377e243b7a962dc31a51a/setproctitle-1.3.7-cp313-cp313-manylinux2014_aarch64.manylinux_2_17_aarch64.manylinux_2_28_aarch64.whl", hash = "sha256:a5d1cb3f81531f0eb40e13246b679a1bdb58762b170303463cb06ecc296f26d0", size = 34104, upload-time = "2025-09-05T12:49:54.416Z" },
    { url = "https://files.pythonhosted.org/packages/52/4f/6daf66394152756664257180439d37047aa9a1cfaa5e4f5ed35e93d1dc06/setproctitle-1.3.7-cp313-cp313-manylinux2014_ppc64le.manylinux_2_17_ppc64le.manylinux_2_28_ppc64le.whl", hash = "sha256:a7d159e7345f343b44330cbba9194169b8590cb13dae940da47aa36a72aa9929", size = 35982, upload-time = "2025-09-05T12:49:56.295Z" },
    { url = "https://files.pythonhosted.org/packages/1b/62/f2c0595403cf915db031f346b0e3b2c0096050e90e0be658a64f44f4278a/setproctitle-1.3.7-cp313-cp313-musllinux_1_2_aarch64.whl", hash = "sha256:0b5074649797fd07c72ca1f6bff0406f4a42e1194faac03ecaab765ce605866f", size = 33150, upload-time = "2025-09-05T12:49:58.025Z" },
    { url = "https://files.pythonhosted.org/packages/a0/29/10dd41cde849fb2f9b626c846b7ea30c99c81a18a5037a45cc4ba33c19a7/setproctitle-1.3.7-cp313-cp313-musllinux_1_2_ppc64le.whl", hash = "sha256:61e96febced3f61b766115381d97a21a6265a0f29188a791f6df7ed777aef698", size = 34463, upload-time = "2025-09-05T12:49:59.424Z" },
    { url = "https://files.pythonhosted.org/packages/71/3c/cedd8eccfaf15fb73a2c20525b68c9477518917c9437737fa0fda91e378f/setproctitle-1.3.7-cp313-cp313-musllinux_1_2_x86_64.whl", hash = "sha256:047138279f9463f06b858e579cc79580fbf7a04554d24e6bddf8fe5dddbe3d4c", size = 32848, upload-time = "2025-09-05T12:50:01.107Z" },
    { url = "https://files.pythonhosted.org/packages/d1/3e/0a0e27d1c9926fecccfd1f91796c244416c70bf6bca448d988638faea81d/setproctitle-1.3.7-cp313-cp313-win32.whl", hash = "sha256:7f47accafac7fe6535ba8ba9efd59df9d84a6214565108d0ebb1199119c9cbbd", size = 12544, upload-time = "2025-09-05T12:50:15.81Z" },
    { url = "https://files.pythonhosted.org/packages/36/1b/6bf4cb7acbbd5c846ede1c3f4d6b4ee52744d402e43546826da065ff2ab7/setproctitle-1.3.7-cp313-cp313-win_amd64.whl", hash = "sha256:fe5ca35aeec6dc50cabab9bf2d12fbc9067eede7ff4fe92b8f5b99d92e21263f", size = 13235, upload-time = "2025-09-05T12:50:16.89Z" },
    { url = "https://files.pythonhosted.org/packages/e6/a4/d588d3497d4714750e3eaf269e9e8985449203d82b16b933c39bd3fc52a1/setproctitle-1.3.7-cp313-cp313t-macosx_10_13_universal2.whl", hash = "sha256:10e92915c4b3086b1586933a36faf4f92f903c5554f3c34102d18c7d3f5378e9", size = 18058, upload-time = "2025-09-05T12:50:02.501Z" },
    { url = "https://files.pythonhosted.org/packages/05/77/7637f7682322a7244e07c373881c7e982567e2cb1dd2f31bd31481e45500/setproctitle-1.3.7-cp313-cp313t-macosx_11_0_arm64.whl", hash = "sha256:de879e9c2eab637f34b1a14c4da1e030c12658cdc69ee1b3e5be81b380163ce5", size = 13072, upload-time = "2025-09-05T12:50:03.601Z" },
    { url = "https://files.pythonhosted.org/packages/52/09/f366eca0973cfbac1470068d1313fa3fe3de4a594683385204ec7f1c4101/setproctitle-1.3.7-cp313-cp313t-manylinux1_x86_64.manylinux_2_28_x86_64.manylinux_2_5_x86_64.whl", hash = "sha256:c18246d88e227a5b16248687514f95642505000442165f4b7db354d39d0e4c29", size = 34490, upload-time = "2025-09-05T12:50:04.948Z" },
    { url = "https://files.pythonhosted.org/packages/71/36/611fc2ed149fdea17c3677e1d0df30d8186eef9562acc248682b91312706/setproctitle-1.3.7-cp313-cp313t-manylinux2014_aarch64.manylinux_2_17_aarch64.manylinux_2_28_aarch64.whl", hash = "sha256:7081f193dab22df2c36f9fc6d113f3793f83c27891af8fe30c64d89d9a37e152", size = 35267, upload-time = "2025-09-05T12:50:06.015Z" },
    { url = "https://files.pythonhosted.org/packages/88/a4/64e77d0671446bd5a5554387b69e1efd915274686844bea733714c828813/setproctitle-1.3.7-cp313-cp313t-manylinux2014_ppc64le.manylinux_2_17_ppc64le.manylinux_2_28_ppc64le.whl", hash = "sha256:9cc9b901ce129350637426a89cfd650066a4adc6899e47822e2478a74023ff7c", size = 37376, upload-time = "2025-09-05T12:50:07.484Z" },
    { url = "https://files.pythonhosted.org/packages/89/bc/ad9c664fe524fb4a4b2d3663661a5c63453ce851736171e454fa2cdec35c/setproctitle-1.3.7-cp313-cp313t-musllinux_1_2_aarch64.whl", hash = "sha256:80e177eff2d1ec172188d0d7fd9694f8e43d3aab76a6f5f929bee7bf7894e98b", size = 33963, upload-time = "2025-09-05T12:50:09.056Z" },
    { url = "https://files.pythonhosted.org/packages/ab/01/a36de7caf2d90c4c28678da1466b47495cbbad43badb4e982d8db8167ed4/setproctitle-1.3.7-cp313-cp313t-musllinux_1_2_ppc64le.whl", hash = "sha256:23e520776c445478a67ee71b2a3c1ffdafbe1f9f677239e03d7e2cc635954e18", size = 35550, upload-time = "2025-09-05T12:50:10.791Z" },
    { url = "https://files.pythonhosted.org/packages/dd/68/17e8aea0ed5ebc17fbf03ed2562bfab277c280e3625850c38d92a7b5fcd9/setproctitle-1.3.7-cp313-cp313t-musllinux_1_2_x86_64.whl", hash = "sha256:5fa1953126a3b9bd47049d58c51b9dac72e78ed120459bd3aceb1bacee72357c", size = 33727, upload-time = "2025-09-05T12:50:12.032Z" },
    { url = "https://files.pythonhosted.org/packages/b2/33/90a3bf43fe3a2242b4618aa799c672270250b5780667898f30663fd94993/setproctitle-1.3.7-cp313-cp313t-win32.whl", hash = "sha256:4a5e212bf438a4dbeece763f4962ad472c6008ff6702e230b4f16a037e2f6f29", size = 12549, upload-time = "2025-09-05T12:50:13.074Z" },
    { url = "https://files.pythonhosted.org/packages/0b/0e/50d1f07f3032e1f23d814ad6462bc0a138f369967c72494286b8a5228e40/setproctitle-1.3.7-cp313-cp313t-win_amd64.whl", hash = "sha256:cf2727b733e90b4f874bac53e3092aa0413fe1ea6d4f153f01207e6ce65034d9", size = 13243, upload-time = "2025-09-05T12:50:14.146Z" },
    { url = "https://files.pythonhosted.org/packages/89/c7/43ac3a98414f91d1b86a276bc2f799ad0b4b010e08497a95750d5bc42803/setproctitle-1.3.7-cp314-cp314-macosx_10_13_universal2.whl", hash = "sha256:80c36c6a87ff72eabf621d0c79b66f3bdd0ecc79e873c1e9f0651ee8bf215c63", size = 18052, upload-time = "2025-09-05T12:50:17.928Z" },
    { url = "https://files.pythonhosted.org/packages/cd/2c/dc258600a25e1a1f04948073826bebc55e18dbd99dc65a576277a82146fa/setproctitle-1.3.7-cp314-cp314-macosx_11_0_arm64.whl", hash = "sha256:b53602371a52b91c80aaf578b5ada29d311d12b8a69c0c17fbc35b76a1fd4f2e", size = 13071, upload-time = "2025-09-05T12:50:19.061Z" },
    { url = "https://files.pythonhosted.org/packages/ab/26/8e3bb082992f19823d831f3d62a89409deb6092e72fc6940962983ffc94f/setproctitle-1.3.7-cp314-cp314-manylinux1_x86_64.manylinux_2_28_x86_64.manylinux_2_5_x86_64.whl", hash = "sha256:fcb966a6c57cf07cc9448321a08f3be6b11b7635be502669bc1d8745115d7e7f", size = 33180, upload-time = "2025-09-05T12:50:20.395Z" },
    { url = "https://files.pythonhosted.org/packages/f1/af/ae692a20276d1159dd0cf77b0bcf92cbb954b965655eb4a69672099bb214/setproctitle-1.3.7-cp314-cp314-manylinux2014_aarch64.manylinux_2_17_aarch64.manylinux_2_28_aarch64.whl", hash = "sha256:46178672599b940368d769474fe13ecef1b587d58bb438ea72b9987f74c56ea5", size = 34043, upload-time = "2025-09-05T12:50:22.454Z" },
    { url = "https://files.pythonhosted.org/packages/34/b2/6a092076324dd4dac1a6d38482bedebbff5cf34ef29f58585ec76e47bc9d/setproctitle-1.3.7-cp314-cp314-manylinux2014_ppc64le.manylinux_2_17_ppc64le.manylinux_2_28_ppc64le.whl", hash = "sha256:7f9e9e3ff135cbcc3edd2f4cf29b139f4aca040d931573102742db70ff428c17", size = 35892, upload-time = "2025-09-05T12:50:23.937Z" },
    { url = "https://files.pythonhosted.org/packages/1c/1a/8836b9f28cee32859ac36c3df85aa03e1ff4598d23ea17ca2e96b5845a8f/setproctitle-1.3.7-cp314-cp314-musllinux_1_2_aarch64.whl", hash = "sha256:14c7eba8d90c93b0e79c01f0bd92a37b61983c27d6d7d5a3b5defd599113d60e", size = 32898, upload-time = "2025-09-05T12:50:25.617Z" },
    { url = "https://files.pythonhosted.org/packages/ef/22/8fabdc24baf42defb599714799d8445fe3ae987ec425a26ec8e80ea38f8e/setproctitle-1.3.7-cp314-cp314-musllinux_1_2_ppc64le.whl", hash = "sha256:9e64e98077fb30b6cf98073d6c439cd91deb8ebbf8fc62d9dbf52bd38b0c6ac0", size = 34308, upload-time = "2025-09-05T12:50:26.827Z" },
    { url = "https://files.pythonhosted.org/packages/15/1b/b9bee9de6c8cdcb3b3a6cb0b3e773afdb86bbbc1665a3bfa424a4294fda2/setproctitle-1.3.7-cp314-cp314-musllinux_1_2_x86_64.whl", hash = "sha256:b91387cc0f02a00ac95dcd93f066242d3cca10ff9e6153de7ee07069c6f0f7c8", size = 32536, upload-time = "2025-09-05T12:50:28.5Z" },
    { url = "https://files.pythonhosted.org/packages/37/0c/75e5f2685a5e3eda0b39a8b158d6d8895d6daf3ba86dec9e3ba021510272/setproctitle-1.3.7-cp314-cp314-win32.whl", hash = "sha256:52b054a61c99d1b72fba58b7f5486e04b20fefc6961cd76722b424c187f362ed", size = 12731, upload-time = "2025-09-05T12:50:43.955Z" },
    { url = "https://files.pythonhosted.org/packages/d2/ae/acddbce90d1361e1786e1fb421bc25baeb0c22ef244ee5d0176511769ec8/setproctitle-1.3.7-cp314-cp314-win_amd64.whl", hash = "sha256:5818e4080ac04da1851b3ec71e8a0f64e3748bf9849045180566d8b736702416", size = 13464, upload-time = "2025-09-05T12:50:45.057Z" },
    { url = "https://files.pythonhosted.org/packages/01/6d/20886c8ff2e6d85e3cabadab6aab9bb90acaf1a5cfcb04d633f8d61b2626/setproctitle-1.3.7-cp314-cp314t-macosx_10_13_universal2.whl", hash = "sha256:6fc87caf9e323ac426910306c3e5d3205cd9f8dcac06d233fcafe9337f0928a3", size = 18062, upload-time = "2025-09-05T12:50:29.78Z" },
    { url = "https://files.pythonhosted.org/packages/9a/60/26dfc5f198715f1343b95c2f7a1c16ae9ffa45bd89ffd45a60ed258d24ea/setproctitle-1.3.7-cp314-cp314t-macosx_11_0_arm64.whl", hash = "sha256:6134c63853d87a4897ba7d5cc0e16abfa687f6c66fc09f262bb70d67718f2309", size = 13075, upload-time = "2025-09-05T12:50:31.604Z" },
    { url = "https://files.pythonhosted.org/packages/21/9c/980b01f50d51345dd513047e3ba9e96468134b9181319093e61db1c47188/setproctitle-1.3.7-cp314-cp314t-manylinux1_x86_64.manylinux_2_28_x86_64.manylinux_2_5_x86_64.whl", hash = "sha256:1403d2abfd32790b6369916e2313dffbe87d6b11dca5bbd898981bcde48e7a2b", size = 34744, upload-time = "2025-09-05T12:50:32.777Z" },
    { url = "https://files.pythonhosted.org/packages/86/b4/82cd0c86e6d1c4538e1a7eb908c7517721513b801dff4ba3f98ef816a240/setproctitle-1.3.7-cp314-cp314t-manylinux2014_aarch64.manylinux_2_17_aarch64.manylinux_2_28_aarch64.whl", hash = "sha256:e7c5bfe4228ea22373e3025965d1a4116097e555ee3436044f5c954a5e63ac45", size = 35589, upload-time = "2025-09-05T12:50:34.13Z" },
    { url = "https://files.pythonhosted.org/packages/8a/4f/9f6b2a7417fd45673037554021c888b31247f7594ff4bd2239918c5cd6d0/setproctitle-1.3.7-cp314-cp314t-manylinux2014_ppc64le.manylinux_2_17_ppc64le.manylinux_2_28_ppc64le.whl", hash = "sha256:585edf25e54e21a94ccb0fe81ad32b9196b69ebc4fc25f81da81fb8a50cca9e4", size = 37698, upload-time = "2025-09-05T12:50:35.524Z" },
    { url = "https://files.pythonhosted.org/packages/20/92/927b7d4744aac214d149c892cb5fa6dc6f49cfa040cb2b0a844acd63dcaf/setproctitle-1.3.7-cp314-cp314t-musllinux_1_2_aarch64.whl", hash = "sha256:96c38cdeef9036eb2724c2210e8d0b93224e709af68c435d46a4733a3675fee1", size = 34201, upload-time = "2025-09-05T12:50:36.697Z" },
    { url = "https://files.pythonhosted.org/packages/0a/0c/fd4901db5ba4b9d9013e62f61d9c18d52290497f956745cd3e91b0d80f90/setproctitle-1.3.7-cp314-cp314t-musllinux_1_2_ppc64le.whl", hash = "sha256:45e3ef48350abb49cf937d0a8ba15e42cee1e5ae13ca41a77c66d1abc27a5070", size = 35801, upload-time = "2025-09-05T12:50:38.314Z" },
    { url = "https://files.pythonhosted.org/packages/e7/e3/54b496ac724e60e61cc3447f02690105901ca6d90da0377dffe49ff99fc7/setproctitle-1.3.7-cp314-cp314t-musllinux_1_2_x86_64.whl", hash = "sha256:1fae595d032b30dab4d659bece20debd202229fce12b55abab978b7f30783d73", size = 33958, upload-time = "2025-09-05T12:50:39.841Z" },
    { url = "https://files.pythonhosted.org/packages/ea/a8/c84bb045ebf8c6fdc7f7532319e86f8380d14bbd3084e6348df56bdfe6fd/setproctitle-1.3.7-cp314-cp314t-win32.whl", hash = "sha256:02432f26f5d1329ab22279ff863c83589894977063f59e6c4b4845804a08f8c2", size = 12745, upload-time = "2025-09-05T12:50:41.377Z" },
    { url = "https://files.pythonhosted.org/packages/08/b6/3a5a4f9952972791a9114ac01dfc123f0df79903577a3e0a7a404a695586/setproctitle-1.3.7-cp314-cp314t-win_amd64.whl", hash = "sha256:cbc388e3d86da1f766d8fc2e12682e446064c01cea9f88a88647cfe7c011de6a", size = 13469, upload-time = "2025-09-05T12:50:42.67Z" },
]

[[package]]
name = "six"
version = "1.17.0"
source = { registry = "https://pypi.org/simple" }
sdist = { url = "https://files.pythonhosted.org/packages/94/e7/b2c673351809dca68a0e064b6af791aa332cf192da575fd474ed7d6f16a2/six-1.17.0.tar.gz", hash = "sha256:ff70335d468e7eb6ec65b95b99d3a2836546063f63acc5171de367e834932a81", size = 34031, upload-time = "2024-12-04T17:35:28.174Z" }
wheels = [
    { url = "https://files.pythonhosted.org/packages/b7/ce/149a00dd41f10bc29e5921b496af8b574d8413afcd5e30dfa0ed46c2cc5e/six-1.17.0-py2.py3-none-any.whl", hash = "sha256:4721f391ed90541fddacab5acf947aa0d3dc7d27b2e1e8eda2be8970586c3274", size = 11050, upload-time = "2024-12-04T17:35:26.475Z" },
]

[[package]]
name = "sqlparse"
version = "0.5.3"
source = { registry = "https://pypi.org/simple" }
sdist = { url = "https://files.pythonhosted.org/packages/e5/40/edede8dd6977b0d3da179a342c198ed100dd2aba4be081861ee5911e4da4/sqlparse-0.5.3.tar.gz", hash = "sha256:09f67787f56a0b16ecdbde1bfc7f5d9c3371ca683cfeaa8e6ff60b4807ec9272", size = 84999, upload-time = "2024-12-10T12:05:30.728Z" }
wheels = [
    { url = "https://files.pythonhosted.org/packages/a9/5c/bfd6bd0bf979426d405cc6e71eceb8701b148b16c21d2dc3c261efc61c7b/sqlparse-0.5.3-py3-none-any.whl", hash = "sha256:cf2196ed3418f3ba5de6af7e82c694a9fbdbfecccdfc72e281548517081f16ca", size = 44415, upload-time = "2024-12-10T12:05:27.824Z" },
]

[[package]]
name = "typing-extensions"
version = "4.15.0"
source = { registry = "https://pypi.org/simple" }
sdist = { url = "https://files.pythonhosted.org/packages/72/94/1a15dd82efb362ac84269196e94cf00f187f7ed21c242792a923cdb1c61f/typing_extensions-4.15.0.tar.gz", hash = "sha256:0cea48d173cc12fa28ecabc3b837ea3cf6f38c6d1136f85cbaaf598984861466", size = 109391, upload-time = "2025-08-25T13:49:26.313Z" }
wheels = [
    { url = "https://files.pythonhosted.org/packages/18/67/36e9267722cc04a6b9f15c7f3441c2363321a3ea07da7ae0c0707beb2a9c/typing_extensions-4.15.0-py3-none-any.whl", hash = "sha256:f0fa19c6845758ab08074a0cfa8b7aecb71c999ca73d62883bc25cc018c4e548", size = 44614, upload-time = "2025-08-25T13:49:24.86Z" },
]

[[package]]
name = "tzdata"
version = "2025.2"
source = { registry = "https://pypi.org/simple" }
sdist = { url = "https://files.pythonhosted.org/packages/95/32/1a225d6164441be760d75c2c42e2780dc0873fe382da3e98a2e1e48361e5/tzdata-2025.2.tar.gz", hash = "sha256:b60a638fcc0daffadf82fe0f57e53d06bdec2f36c4df66280ae79bce6bd6f2b9", size = 196380, upload-time = "2025-03-23T13:54:43.652Z" }
wheels = [
    { url = "https://files.pythonhosted.org/packages/5c/23/c7abc0ca0a1526a0774eca151daeb8de62ec457e77262b66b359c3c7679e/tzdata-2025.2-py2.py3-none-any.whl", hash = "sha256:1a403fada01ff9221ca8044d701868fa132215d84beb92242d9acd2147f667a8", size = 347839, upload-time = "2025-03-23T13:54:41.845Z" },
]

[[package]]
name = "vine"
version = "5.1.0"
source = { registry = "https://pypi.org/simple" }
sdist = { url = "https://files.pythonhosted.org/packages/bd/e4/d07b5f29d283596b9727dd5275ccbceb63c44a1a82aa9e4bfd20426762ac/vine-5.1.0.tar.gz", hash = "sha256:8b62e981d35c41049211cf62a0a1242d8c1ee9bd15bb196ce38aefd6799e61e0", size = 48980, upload-time = "2023-11-05T08:46:53.857Z" }
wheels = [
    { url = "https://files.pythonhosted.org/packages/03/ff/7c0c86c43b3cbb927e0ccc0255cb4057ceba4799cd44ae95174ce8e8b5b2/vine-5.1.0-py3-none-any.whl", hash = "sha256:40fdf3c48b2cfe1c38a49e9ae2da6fda88e4794c810050a728bd7413811fb1dc", size = 9636, upload-time = "2023-11-05T08:46:51.205Z" },
]

[[package]]
name = "wcwidth"
version = "0.2.14"
source = { registry = "https://pypi.org/simple" }
sdist = { url = "https://files.pythonhosted.org/packages/24/30/6b0809f4510673dc723187aeaf24c7f5459922d01e2f794277a3dfb90345/wcwidth-0.2.14.tar.gz", hash = "sha256:4d478375d31bc5395a3c55c40ccdf3354688364cd61c4f6adacaa9215d0b3605", size = 102293, upload-time = "2025-09-22T16:29:53.023Z" }
wheels = [
    { url = "https://files.pythonhosted.org/packages/af/b5/123f13c975e9f27ab9c0770f514345bd406d0e8d3b7a0723af9d43f710af/wcwidth-0.2.14-py2.py3-none-any.whl", hash = "sha256:a7bb560c8aee30f9957e5f9895805edd20602f2d7f720186dfd906e82b4982e1", size = 37286, upload-time = "2025-09-22T16:29:51.641Z" },
]

[[package]]
name = "whitenoise"
version = "6.11.0"
source = { registry = "https://pypi.org/simple" }
sdist = { url = "https://files.pythonhosted.org/packages/15/95/8c81ec6b6ebcbf8aca2de7603070ccf37dbb873b03f20708e0f7c1664bc6/whitenoise-6.11.0.tar.gz", hash = "sha256:0f5bfce6061ae6611cd9396a8231e088722e4fc67bc13a111be74c738d99375f", size = 26432, upload-time = "2025-09-18T09:16:10.995Z" }
wheels = [
    { url = "https://files.pythonhosted.org/packages/6c/e9/4366332f9295fe0647d7d3251ce18f5615fbcb12d02c79a26f8dba9221b3/whitenoise-6.11.0-py3-none-any.whl", hash = "sha256:b2aeb45950597236f53b5342b3121c5de69c8da0109362aee506ce88e022d258", size = 20197, upload-time = "2025-09-18T09:16:09.754Z" },
]
